// !$*UTF8*$!
{
	archiveVersion = 1;
	classes = {
	};
	objectVersion = 50;
	objects = {

/* Begin PBXBuildFile section */
		C27199D9251E3DDC00179B01 /* ResetViewController.swift in Sources */ = {isa = PBXBuildFile; fileRef = C27199D8251E3DDC00179B01 /* ResetViewController.swift */; };
		C27199DB251E3DFF00179B01 /* BreakViewController.swift in Sources */ = {isa = PBXBuildFile; fileRef = C27199DA251E3DFF00179B01 /* BreakViewController.swift */; };
		C278DA7A251761020068B37B /* AppDelegate.swift in Sources */ = {isa = PBXBuildFile; fileRef = C278DA79251761020068B37B /* AppDelegate.swift */; };
		C278DA7C251761020068B37B /* SceneDelegate.swift in Sources */ = {isa = PBXBuildFile; fileRef = C278DA7B251761020068B37B /* SceneDelegate.swift */; };
		C278DA7E251761020068B37B /* HomeViewController.swift in Sources */ = {isa = PBXBuildFile; fileRef = C278DA7D251761020068B37B /* HomeViewController.swift */; };
		C278DA81251761020068B37B /* Main.storyboard in Resources */ = {isa = PBXBuildFile; fileRef = C278DA7F251761020068B37B /* Main.storyboard */; };
		C278DA83251761030068B37B /* Assets.xcassets in Resources */ = {isa = PBXBuildFile; fileRef = C278DA82251761030068B37B /* Assets.xcassets */; };
		C278DA86251761030068B37B /* LaunchScreen.storyboard in Resources */ = {isa = PBXBuildFile; fileRef = C278DA84251761030068B37B /* LaunchScreen.storyboard */; };
		C2E4891F251C297A006B58A6 /* BoyRegisterViewController.swift in Sources */ = {isa = PBXBuildFile; fileRef = C2E4891E251C297A006B58A6 /* BoyRegisterViewController.swift */; };
		C2E48921251C2994006B58A6 /* GirlRegisterViewController.swift in Sources */ = {isa = PBXBuildFile; fileRef = C2E48920251C2994006B58A6 /* GirlRegisterViewController.swift */; };
		C2E48923251C29A4006B58A6 /* BoyFoodViewController.swift in Sources */ = {isa = PBXBuildFile; fileRef = C2E48922251C29A4006B58A6 /* BoyFoodViewController.swift */; };
		C2E48925251C29B6006B58A6 /* BoyDailyViewController.swift in Sources */ = {isa = PBXBuildFile; fileRef = C2E48924251C29B6006B58A6 /* BoyDailyViewController.swift */; };
		C2E48927251C29C9006B58A6 /* BoyLeisureViewController.swift in Sources */ = {isa = PBXBuildFile; fileRef = C2E48926251C29C9006B58A6 /* BoyLeisureViewController.swift */; };
		C2E48929251C29DF006B58A6 /* BoyHousingViewController.swift in Sources */ = {isa = PBXBuildFile; fileRef = C2E48928251C29DF006B58A6 /* BoyHousingViewController.swift */; };
		C2E4892B251C29F6006B58A6 /* BoyOthersViewController.swift in Sources */ = {isa = PBXBuildFile; fileRef = C2E4892A251C29F6006B58A6 /* BoyOthersViewController.swift */; };
		C2E4892D251C2A05006B58A6 /* GirlFoodViewController.swift in Sources */ = {isa = PBXBuildFile; fileRef = C2E4892C251C2A05006B58A6 /* GirlFoodViewController.swift */; };
		C2E4892F251C2A1B006B58A6 /* GirlDailyViewController.swift in Sources */ = {isa = PBXBuildFile; fileRef = C2E4892E251C2A1B006B58A6 /* GirlDailyViewController.swift */; };
		C2E48931251C2A31006B58A6 /* GirlLeisureViewController.swift in Sources */ = {isa = PBXBuildFile; fileRef = C2E48930251C2A31006B58A6 /* GirlLeisureViewController.swift */; };
		C2E48933251C2A4A006B58A6 /* GirlHousingViewController.swift in Sources */ = {isa = PBXBuildFile; fileRef = C2E48932251C2A4A006B58A6 /* GirlHousingViewController.swift */; };
		C2E48935251C2A5F006B58A6 /* GirlOthersViewController.swift in Sources */ = {isa = PBXBuildFile; fileRef = C2E48934251C2A5F006B58A6 /* GirlOthersViewController.swift */; };
		C2E48937251C2A71006B58A6 /* BothFoodViewController.swift in Sources */ = {isa = PBXBuildFile; fileRef = C2E48936251C2A71006B58A6 /* BothFoodViewController.swift */; };
		C2E48939251C2A82006B58A6 /* BothDailyViewController.swift in Sources */ = {isa = PBXBuildFile; fileRef = C2E48938251C2A82006B58A6 /* BothDailyViewController.swift */; };
		C2E4893B251C2A94006B58A6 /* BothLeisureViewController.swift in Sources */ = {isa = PBXBuildFile; fileRef = C2E4893A251C2A94006B58A6 /* BothLeisureViewController.swift */; };
		C2E4893D251C2AAA006B58A6 /* BothHousingViewController.swift in Sources */ = {isa = PBXBuildFile; fileRef = C2E4893C251C2AAA006B58A6 /* BothHousingViewController.swift */; };
		C2E4893F251C2ABB006B58A6 /* BothOthersViewController.swift in Sources */ = {isa = PBXBuildFile; fileRef = C2E4893E251C2ABB006B58A6 /* BothOthersViewController.swift */; };
		C2E48941251C2AD4006B58A6 /* BothTotalSumViewController.swift in Sources */ = {isa = PBXBuildFile; fileRef = C2E48940251C2AD4006B58A6 /* BothTotalSumViewController.swift */; };
		C2E48945251C2B22006B58A6 /* BoyFinanceViewController.swift in Sources */ = {isa = PBXBuildFile; fileRef = C2E48944251C2B22006B58A6 /* BoyFinanceViewController.swift */; };
		C2E48947251C2B49006B58A6 /* GirlFinanceViewController.swift in Sources */ = {isa = PBXBuildFile; fileRef = C2E48946251C2B49006B58A6 /* GirlFinanceViewController.swift */; };
		C2E48949251C2B63006B58A6 /* testFile.swift in Sources */ = {isa = PBXBuildFile; fileRef = C2E48948251C2B63006B58A6 /* testFile.swift */; };
		C2E4894B251C2B77006B58A6 /* SetViewController.swift in Sources */ = {isa = PBXBuildFile; fileRef = C2E4894A251C2B77006B58A6 /* SetViewController.swift */; };
/* End PBXBuildFile section */

/* Begin PBXFileReference section */
		C27199D8251E3DDC00179B01 /* ResetViewController.swift */ = {isa = PBXFileReference; lastKnownFileType = sourcecode.swift; path = ResetViewController.swift; sourceTree = "<group>"; };
		C27199DA251E3DFF00179B01 /* BreakViewController.swift */ = {isa = PBXFileReference; lastKnownFileType = sourcecode.swift; path = BreakViewController.swift; sourceTree = "<group>"; };
		C278DA76251761010068B37B /* kakeiboApp.app */ = {isa = PBXFileReference; explicitFileType = wrapper.application; includeInIndex = 0; path = kakeiboApp.app; sourceTree = BUILT_PRODUCTS_DIR; };
		C278DA79251761020068B37B /* AppDelegate.swift */ = {isa = PBXFileReference; lastKnownFileType = sourcecode.swift; path = AppDelegate.swift; sourceTree = "<group>"; };
		C278DA7B251761020068B37B /* SceneDelegate.swift */ = {isa = PBXFileReference; lastKnownFileType = sourcecode.swift; path = SceneDelegate.swift; sourceTree = "<group>"; };
		C278DA7D251761020068B37B /* HomeViewController.swift */ = {isa = PBXFileReference; lastKnownFileType = sourcecode.swift; path = HomeViewController.swift; sourceTree = "<group>"; };
		C278DA80251761020068B37B /* Base */ = {isa = PBXFileReference; lastKnownFileType = file.storyboard; name = Base; path = Base.lproj/Main.storyboard; sourceTree = "<group>"; };
		C278DA82251761030068B37B /* Assets.xcassets */ = {isa = PBXFileReference; lastKnownFileType = folder.assetcatalog; path = Assets.xcassets; sourceTree = "<group>"; };
		C278DA85251761030068B37B /* Base */ = {isa = PBXFileReference; lastKnownFileType = file.storyboard; name = Base; path = Base.lproj/LaunchScreen.storyboard; sourceTree = "<group>"; };
		C278DA87251761030068B37B /* Info.plist */ = {isa = PBXFileReference; lastKnownFileType = text.plist.xml; path = Info.plist; sourceTree = "<group>"; };
		C2E4891E251C297A006B58A6 /* BoyRegisterViewController.swift */ = {isa = PBXFileReference; lastKnownFileType = sourcecode.swift; path = BoyRegisterViewController.swift; sourceTree = "<group>"; };
		C2E48920251C2994006B58A6 /* GirlRegisterViewController.swift */ = {isa = PBXFileReference; lastKnownFileType = sourcecode.swift; path = GirlRegisterViewController.swift; sourceTree = "<group>"; };
		C2E48922251C29A4006B58A6 /* BoyFoodViewController.swift */ = {isa = PBXFileReference; lastKnownFileType = sourcecode.swift; path = BoyFoodViewController.swift; sourceTree = "<group>"; };
		C2E48924251C29B6006B58A6 /* BoyDailyViewController.swift */ = {isa = PBXFileReference; lastKnownFileType = sourcecode.swift; path = BoyDailyViewController.swift; sourceTree = "<group>"; };
		C2E48926251C29C9006B58A6 /* BoyLeisureViewController.swift */ = {isa = PBXFileReference; lastKnownFileType = sourcecode.swift; path = BoyLeisureViewController.swift; sourceTree = "<group>"; };
		C2E48928251C29DF006B58A6 /* BoyHousingViewController.swift */ = {isa = PBXFileReference; lastKnownFileType = sourcecode.swift; path = BoyHousingViewController.swift; sourceTree = "<group>"; };
		C2E4892A251C29F6006B58A6 /* BoyOthersViewController.swift */ = {isa = PBXFileReference; lastKnownFileType = sourcecode.swift; path = BoyOthersViewController.swift; sourceTree = "<group>"; };
		C2E4892C251C2A05006B58A6 /* GirlFoodViewController.swift */ = {isa = PBXFileReference; lastKnownFileType = sourcecode.swift; path = GirlFoodViewController.swift; sourceTree = "<group>"; };
		C2E4892E251C2A1B006B58A6 /* GirlDailyViewController.swift */ = {isa = PBXFileReference; lastKnownFileType = sourcecode.swift; path = GirlDailyViewController.swift; sourceTree = "<group>"; };
		C2E48930251C2A31006B58A6 /* GirlLeisureViewController.swift */ = {isa = PBXFileReference; lastKnownFileType = sourcecode.swift; path = GirlLeisureViewController.swift; sourceTree = "<group>"; };
		C2E48932251C2A4A006B58A6 /* GirlHousingViewController.swift */ = {isa = PBXFileReference; lastKnownFileType = sourcecode.swift; path = GirlHousingViewController.swift; sourceTree = "<group>"; };
		C2E48934251C2A5F006B58A6 /* GirlOthersViewController.swift */ = {isa = PBXFileReference; lastKnownFileType = sourcecode.swift; path = GirlOthersViewController.swift; sourceTree = "<group>"; };
		C2E48936251C2A71006B58A6 /* BothFoodViewController.swift */ = {isa = PBXFileReference; lastKnownFileType = sourcecode.swift; path = BothFoodViewController.swift; sourceTree = "<group>"; };
		C2E48938251C2A82006B58A6 /* BothDailyViewController.swift */ = {isa = PBXFileReference; lastKnownFileType = sourcecode.swift; path = BothDailyViewController.swift; sourceTree = "<group>"; };
		C2E4893A251C2A94006B58A6 /* BothLeisureViewController.swift */ = {isa = PBXFileReference; lastKnownFileType = sourcecode.swift; path = BothLeisureViewController.swift; sourceTree = "<group>"; };
		C2E4893C251C2AAA006B58A6 /* BothHousingViewController.swift */ = {isa = PBXFileReference; lastKnownFileType = sourcecode.swift; path = BothHousingViewController.swift; sourceTree = "<group>"; };
		C2E4893E251C2ABB006B58A6 /* BothOthersViewController.swift */ = {isa = PBXFileReference; lastKnownFileType = sourcecode.swift; path = BothOthersViewController.swift; sourceTree = "<group>"; };
		C2E48940251C2AD4006B58A6 /* BothTotalSumViewController.swift */ = {isa = PBXFileReference; lastKnownFileType = sourcecode.swift; path = BothTotalSumViewController.swift; sourceTree = "<group>"; };
		C2E48944251C2B22006B58A6 /* BoyFinanceViewController.swift */ = {isa = PBXFileReference; lastKnownFileType = sourcecode.swift; path = BoyFinanceViewController.swift; sourceTree = "<group>"; };
		C2E48946251C2B49006B58A6 /* GirlFinanceViewController.swift */ = {isa = PBXFileReference; lastKnownFileType = sourcecode.swift; path = GirlFinanceViewController.swift; sourceTree = "<group>"; };
		C2E48948251C2B63006B58A6 /* testFile.swift */ = {isa = PBXFileReference; lastKnownFileType = sourcecode.swift; path = testFile.swift; sourceTree = "<group>"; };
		C2E4894A251C2B77006B58A6 /* SetViewController.swift */ = {isa = PBXFileReference; lastKnownFileType = sourcecode.swift; path = SetViewController.swift; sourceTree = "<group>"; };
/* End PBXFileReference section */

/* Begin PBXFrameworksBuildPhase section */
		C278DA73251761010068B37B /* Frameworks */ = {
			isa = PBXFrameworksBuildPhase;
			buildActionMask = 2147483647;
			files = (
			);
			runOnlyForDeploymentPostprocessing = 0;
		};
/* End PBXFrameworksBuildPhase section */

/* Begin PBXGroup section */
		C278DA6D251761010068B37B = {
			isa = PBXGroup;
			children = (
				C278DA78251761020068B37B /* kakeiboApp */,
				C278DA77251761010068B37B /* Products */,
			);
			sourceTree = "<group>";
		};
		C278DA77251761010068B37B /* Products */ = {
			isa = PBXGroup;
			children = (
				C278DA76251761010068B37B /* kakeiboApp.app */,
			);
			name = Products;
			sourceTree = "<group>";
		};
		C278DA78251761020068B37B /* kakeiboApp */ = {
			isa = PBXGroup;
			children = (
				C278DA79251761020068B37B /* AppDelegate.swift */,
				C278DA7B251761020068B37B /* SceneDelegate.swift */,
				C278DA7F251761020068B37B /* Main.storyboard */,
				C278DA84251761030068B37B /* LaunchScreen.storyboard */,
				C278DA87251761030068B37B /* Info.plist */,
				C278DA82251761030068B37B /* Assets.xcassets */,
				C278DA7D251761020068B37B /* HomeViewController.swift */,
				C2E4891E251C297A006B58A6 /* BoyRegisterViewController.swift */,
				C2E48920251C2994006B58A6 /* GirlRegisterViewController.swift */,
				C2E48922251C29A4006B58A6 /* BoyFoodViewController.swift */,
				C2E48924251C29B6006B58A6 /* BoyDailyViewController.swift */,
				C2E48926251C29C9006B58A6 /* BoyLeisureViewController.swift */,
				C2E48928251C29DF006B58A6 /* BoyHousingViewController.swift */,
				C2E4892A251C29F6006B58A6 /* BoyOthersViewController.swift */,
				C2E4892C251C2A05006B58A6 /* GirlFoodViewController.swift */,
				C2E4892E251C2A1B006B58A6 /* GirlDailyViewController.swift */,
				C2E48930251C2A31006B58A6 /* GirlLeisureViewController.swift */,
				C2E48932251C2A4A006B58A6 /* GirlHousingViewController.swift */,
				C2E48934251C2A5F006B58A6 /* GirlOthersViewController.swift */,
				C2E48936251C2A71006B58A6 /* BothFoodViewController.swift */,
				C2E48938251C2A82006B58A6 /* BothDailyViewController.swift */,
				C2E4893A251C2A94006B58A6 /* BothLeisureViewController.swift */,
				C2E4893C251C2AAA006B58A6 /* BothHousingViewController.swift */,
				C2E4893E251C2ABB006B58A6 /* BothOthersViewController.swift */,
				C2E48940251C2AD4006B58A6 /* BothTotalSumViewController.swift */,
				C2E48944251C2B22006B58A6 /* BoyFinanceViewController.swift */,
				C2E48946251C2B49006B58A6 /* GirlFinanceViewController.swift */,
				C2E48948251C2B63006B58A6 /* testFile.swift */,
				C2E4894A251C2B77006B58A6 /* SetViewController.swift */,
				C27199D8251E3DDC00179B01 /* ResetViewController.swift */,
				C27199DA251E3DFF00179B01 /* BreakViewController.swift */,
			);
			path = kakeiboApp;
			sourceTree = "<group>";
		};
/* End PBXGroup section */

/* Begin PBXNativeTarget section */
		C278DA75251761010068B37B /* kakeiboApp */ = {
			isa = PBXNativeTarget;
			buildConfigurationList = C278DA8A251761030068B37B /* Build configuration list for PBXNativeTarget "kakeiboApp" */;
			buildPhases = (
				C278DA72251761010068B37B /* Sources */,
				C278DA73251761010068B37B /* Frameworks */,
				C278DA74251761010068B37B /* Resources */,
			);
			buildRules = (
			);
			dependencies = (
			);
			name = kakeiboApp;
			productName = kakeiboApp;
			productReference = C278DA76251761010068B37B /* kakeiboApp.app */;
			productType = "com.apple.product-type.application";
		};
/* End PBXNativeTarget section */

/* Begin PBXProject section */
		C278DA6E251761010068B37B /* Project object */ = {
			isa = PBXProject;
			attributes = {
				LastSwiftUpdateCheck = 1170;
				LastUpgradeCheck = 1170;
				ORGANIZATIONNAME = kwdaaa.com;
				TargetAttributes = {
					C278DA75251761010068B37B = {
						CreatedOnToolsVersion = 11.7;
					};
				};
			};
			buildConfigurationList = C278DA71251761010068B37B /* Build configuration list for PBXProject "kakeiboApp" */;
			compatibilityVersion = "Xcode 9.3";
			developmentRegion = en;
			hasScannedForEncodings = 0;
			knownRegions = (
				en,
				Base,
			);
			mainGroup = C278DA6D251761010068B37B;
			productRefGroup = C278DA77251761010068B37B /* Products */;
			projectDirPath = "";
			projectRoot = "";
			targets = (
				C278DA75251761010068B37B /* kakeiboApp */,
			);
		};
/* End PBXProject section */

/* Begin PBXResourcesBuildPhase section */
		C278DA74251761010068B37B /* Resources */ = {
			isa = PBXResourcesBuildPhase;
			buildActionMask = 2147483647;
			files = (
				C278DA86251761030068B37B /* LaunchScreen.storyboard in Resources */,
				C278DA83251761030068B37B /* Assets.xcassets in Resources */,
				C278DA81251761020068B37B /* Main.storyboard in Resources */,
			);
			runOnlyForDeploymentPostprocessing = 0;
		};
/* End PBXResourcesBuildPhase section */

/* Begin PBXSourcesBuildPhase section */
		C278DA72251761010068B37B /* Sources */ = {
			isa = PBXSourcesBuildPhase;
			buildActionMask = 2147483647;
			files = (
				C27199D9251E3DDC00179B01 /* ResetViewController.swift in Sources */,
				C2E4892F251C2A1B006B58A6 /* GirlDailyViewController.swift in Sources */,
				C2E48925251C29B6006B58A6 /* BoyDailyViewController.swift in Sources */,
				C2E4893F251C2ABB006B58A6 /* BothOthersViewController.swift in Sources */,
				C2E48941251C2AD4006B58A6 /* BothTotalSumViewController.swift in Sources */,
				C2E48933251C2A4A006B58A6 /* GirlHousingViewController.swift in Sources */,
				C2E48929251C29DF006B58A6 /* BoyHousingViewController.swift in Sources */,
				C2E48939251C2A82006B58A6 /* BothDailyViewController.swift in Sources */,
				C2E4891F251C297A006B58A6 /* BoyRegisterViewController.swift in Sources */,
				C2E48923251C29A4006B58A6 /* BoyFoodViewController.swift in Sources */,
				C2E48947251C2B49006B58A6 /* GirlFinanceViewController.swift in Sources */,
				C2E48945251C2B22006B58A6 /* BoyFinanceViewController.swift in Sources */,
				C2E4894B251C2B77006B58A6 /* SetViewController.swift in Sources */,
				C2E48927251C29C9006B58A6 /* BoyLeisureViewController.swift in Sources */,
				C2E4892D251C2A05006B58A6 /* GirlFoodViewController.swift in Sources */,
				C2E4893B251C2A94006B58A6 /* BothLeisureViewController.swift in Sources */,
				C278DA7E251761020068B37B /* HomeViewController.swift in Sources */,
				C2E4892B251C29F6006B58A6 /* BoyOthersViewController.swift in Sources */,
				C2E4893D251C2AAA006B58A6 /* BothHousingViewController.swift in Sources */,
				C2E48949251C2B63006B58A6 /* testFile.swift in Sources */,
				C2E48931251C2A31006B58A6 /* GirlLeisureViewController.swift in Sources */,
				C2E48937251C2A71006B58A6 /* BothFoodViewController.swift in Sources */,
				C2E48935251C2A5F006B58A6 /* GirlOthersViewController.swift in Sources */,
				C27199DB251E3DFF00179B01 /* BreakViewController.swift in Sources */,
				C278DA7A251761020068B37B /* AppDelegate.swift in Sources */,
				C2E48921251C2994006B58A6 /* GirlRegisterViewController.swift in Sources */,
				C278DA7C251761020068B37B /* SceneDelegate.swift in Sources */,
			);
			runOnlyForDeploymentPostprocessing = 0;
		};
/* End PBXSourcesBuildPhase section */

/* Begin PBXVariantGroup section */
		C278DA7F251761020068B37B /* Main.storyboard */ = {
			isa = PBXVariantGroup;
			children = (
				C278DA80251761020068B37B /* Base */,
			);
			name = Main.storyboard;
			sourceTree = "<group>";
		};
		C278DA84251761030068B37B /* LaunchScreen.storyboard */ = {
			isa = PBXVariantGroup;
			children = (
				C278DA85251761030068B37B /* Base */,
			);
			name = LaunchScreen.storyboard;
			sourceTree = "<group>";
		};
/* End PBXVariantGroup section */

/* Begin XCBuildConfiguration section */
		C278DA88251761030068B37B /* Debug */ = {
			isa = XCBuildConfiguration;
			buildSettings = {
				ALWAYS_SEARCH_USER_PATHS = NO;
				CLANG_ANALYZER_NONNULL = YES;
				CLANG_ANALYZER_NUMBER_OBJECT_CONVERSION = YES_AGGRESSIVE;
				CLANG_CXX_LANGUAGE_STANDARD = "gnu++14";
				CLANG_CXX_LIBRARY = "libc++";
				CLANG_ENABLE_MODULES = YES;
				CLANG_ENABLE_OBJC_ARC = YES;
				CLANG_ENABLE_OBJC_WEAK = YES;
				CLANG_WARN_BLOCK_CAPTURE_AUTORELEASING = YES;
				CLANG_WARN_BOOL_CONVERSION = YES;
				CLANG_WARN_COMMA = YES;
				CLANG_WARN_CONSTANT_CONVERSION = YES;
				CLANG_WARN_DEPRECATED_OBJC_IMPLEMENTATIONS = YES;
				CLANG_WARN_DIRECT_OBJC_ISA_USAGE = YES_ERROR;
				CLANG_WARN_DOCUMENTATION_COMMENTS = YES;
				CLANG_WARN_EMPTY_BODY = YES;
				CLANG_WARN_ENUM_CONVERSION = YES;
				CLANG_WARN_INFINITE_RECURSION = YES;
				CLANG_WARN_INT_CONVERSION = YES;
				CLANG_WARN_NON_LITERAL_NULL_CONVERSION = YES;
				CLANG_WARN_OBJC_IMPLICIT_RETAIN_SELF = YES;
				CLANG_WARN_OBJC_LITERAL_CONVERSION = YES;
				CLANG_WARN_OBJC_ROOT_CLASS = YES_ERROR;
				CLANG_WARN_RANGE_LOOP_ANALYSIS = YES;
				CLANG_WARN_STRICT_PROTOTYPES = YES;
				CLANG_WARN_SUSPICIOUS_MOVE = YES;
				CLANG_WARN_UNGUARDED_AVAILABILITY = YES_AGGRESSIVE;
				CLANG_WARN_UNREACHABLE_CODE = YES;
				CLANG_WARN__DUPLICATE_METHOD_MATCH = YES;
				COPY_PHASE_STRIP = NO;
				DEBUG_INFORMATION_FORMAT = dwarf;
				ENABLE_STRICT_OBJC_MSGSEND = YES;
				ENABLE_TESTABILITY = YES;
				GCC_C_LANGUAGE_STANDARD = gnu11;
				GCC_DYNAMIC_NO_PIC = NO;
				GCC_NO_COMMON_BLOCKS = YES;
				GCC_OPTIMIZATION_LEVEL = 0;
				GCC_PREPROCESSOR_DEFINITIONS = (
					"DEBUG=1",
					"$(inherited)",
				);
				GCC_WARN_64_TO_32_BIT_CONVERSION = YES;
				GCC_WARN_ABOUT_RETURN_TYPE = YES_ERROR;
				GCC_WARN_UNDECLARED_SELECTOR = YES;
				GCC_WARN_UNINITIALIZED_AUTOS = YES_AGGRESSIVE;
				GCC_WARN_UNUSED_FUNCTION = YES;
				GCC_WARN_UNUSED_VARIABLE = YES;
				IPHONEOS_DEPLOYMENT_TARGET = 13.7;
				MTL_ENABLE_DEBUG_INFO = INCLUDE_SOURCE;
				MTL_FAST_MATH = YES;
				ONLY_ACTIVE_ARCH = YES;
				SDKROOT = iphoneos;
				SWIFT_ACTIVE_COMPILATION_CONDITIONS = DEBUG;
				SWIFT_OPTIMIZATION_LEVEL = "-Onone";
			};
			name = Debug;
		};
		C278DA89251761030068B37B /* Release */ = {
			isa = XCBuildConfiguration;
			buildSettings = {
				ALWAYS_SEARCH_USER_PATHS = NO;
				CLANG_ANALYZER_NONNULL = YES;
				CLANG_ANALYZER_NUMBER_OBJECT_CONVERSION = YES_AGGRESSIVE;
				CLANG_CXX_LANGUAGE_STANDARD = "gnu++14";
				CLANG_CXX_LIBRARY = "libc++";
				CLANG_ENABLE_MODULES = YES;
				CLANG_ENABLE_OBJC_ARC = YES;
				CLANG_ENABLE_OBJC_WEAK = YES;
				CLANG_WARN_BLOCK_CAPTURE_AUTORELEASING = YES;
				CLANG_WARN_BOOL_CONVERSION = YES;
				CLANG_WARN_COMMA = YES;
				CLANG_WARN_CONSTANT_CONVERSION = YES;
				CLANG_WARN_DEPRECATED_OBJC_IMPLEMENTATIONS = YES;
				CLANG_WARN_DIRECT_OBJC_ISA_USAGE = YES_ERROR;
				CLANG_WARN_DOCUMENTATION_COMMENTS = YES;
				CLANG_WARN_EMPTY_BODY = YES;
				CLANG_WARN_ENUM_CONVERSION = YES;
				CLANG_WARN_INFINITE_RECURSION = YES;
				CLANG_WARN_INT_CONVERSION = YES;
				CLANG_WARN_NON_LITERAL_NULL_CONVERSION = YES;
				CLANG_WARN_OBJC_IMPLICIT_RETAIN_SELF = YES;
				CLANG_WARN_OBJC_LITERAL_CONVERSION = YES;
				CLANG_WARN_OBJC_ROOT_CLASS = YES_ERROR;
				CLANG_WARN_RANGE_LOOP_ANALYSIS = YES;
				CLANG_WARN_STRICT_PROTOTYPES = YES;
				CLANG_WARN_SUSPICIOUS_MOVE = YES;
				CLANG_WARN_UNGUARDED_AVAILABILITY = YES_AGGRESSIVE;
				CLANG_WARN_UNREACHABLE_CODE = YES;
				CLANG_WARN__DUPLICATE_METHOD_MATCH = YES;
				COPY_PHASE_STRIP = NO;
				DEBUG_INFORMATION_FORMAT = "dwarf-with-dsym";
				ENABLE_NS_ASSERTIONS = NO;
				ENABLE_STRICT_OBJC_MSGSEND = YES;
				GCC_C_LANGUAGE_STANDARD = gnu11;
				GCC_NO_COMMON_BLOCKS = YES;
				GCC_WARN_64_TO_32_BIT_CONVERSION = YES;
				GCC_WARN_ABOUT_RETURN_TYPE = YES_ERROR;
				GCC_WARN_UNDECLARED_SELECTOR = YES;
				GCC_WARN_UNINITIALIZED_AUTOS = YES_AGGRESSIVE;
				GCC_WARN_UNUSED_FUNCTION = YES;
				GCC_WARN_UNUSED_VARIABLE = YES;
				IPHONEOS_DEPLOYMENT_TARGET = 13.7;
				MTL_ENABLE_DEBUG_INFO = NO;
				MTL_FAST_MATH = YES;
				SDKROOT = iphoneos;
				SWIFT_COMPILATION_MODE = wholemodule;
				SWIFT_OPTIMIZATION_LEVEL = "-O";
				VALIDATE_PRODUCT = YES;
			};
			name = Release;
		};
		C278DA8B251761030068B37B /* Debug */ = {
			isa = XCBuildConfiguration;
			buildSettings = {
				ASSETCATALOG_COMPILER_APPICON_NAME = AppIcon;
				CODE_SIGN_STYLE = Automatic;
				DEVELOPMENT_TEAM = H9LHYZ3PS5;
				INFOPLIST_FILE = kakeiboApp/Info.plist;
				LD_RUNPATH_SEARCH_PATHS = (
					"$(inherited)",
					"@executable_path/Frameworks",
				);
				PRODUCT_BUNDLE_IDENTIFIER = com.kwdaaa.kakeiboApp;
				PRODUCT_NAME = "$(TARGET_NAME)";
				SWIFT_VERSION = 5.0;
				TARGETED_DEVICE_FAMILY = "1,2";
			};
			name = Debug;
		};
		C278DA8C251761030068B37B /* Release */ = {
			isa = XCBuildConfiguration;
			buildSettings = {
				ASSETCATALOG_COMPILER_APPICON_NAME = AppIcon;
				CODE_SIGN_STYLE = Automatic;
				DEVELOPMENT_TEAM = H9LHYZ3PS5;
				INFOPLIST_FILE = kakeiboApp/Info.plist;
				LD_RUNPATH_SEARCH_PATHS = (
					"$(inherited)",
					"@executable_path/Frameworks",
				);
				PRODUCT_BUNDLE_IDENTIFIER = com.kwdaaa.kakeiboApp;
				PRODUCT_NAME = "$(TARGET_NAME)";
				SWIFT_VERSION = 5.0;
				TARGETED_DEVICE_FAMILY = "1,2";
			};
			name = Release;
		};
/* End XCBuildConfiguration section */

/* Begin XCConfigurationList section */
		C278DA71251761010068B37B /* Build configuration list for PBXProject "kakeiboApp" */ = {
			isa = XCConfigurationList;
			buildConfigurations = (
				C278DA88251761030068B37B /* Debug */,
				C278DA89251761030068B37B /* Release */,
			);
			defaultConfigurationIsVisible = 0;
			defaultConfigurationName = Release;
		};
		C278DA8A251761030068B37B /* Build configuration list for PBXNativeTarget "kakeiboApp" */ = {
			isa = XCConfigurationList;
			buildConfigurations = (
				C278DA8B251761030068B37B /* Debug */,
				C278DA8C251761030068B37B /* Release */,
			);
			defaultConfigurationIsVisible = 0;
			defaultConfigurationName = Release;
		};
/* End XCConfigurationList section */
	};
	rootObject = C278DA6E251761010068B37B /* Project object */;
}
